
Microsoft Visual Studio Solution File, Format Version 12.00
# Visual Studio Version 16
VisualStudioVersion = 16.0.31911.196
MinimumVisualStudioVersion = 10.0.40219.1
Project("{9A19103F-16F7-4668-BE54-9A1E7A4F7556}") = "Qin.TaskJobManage", "TaskJobManage\Qin.TaskJobManage.csproj", "{91011461-4B95-40CC-B66E-018A98F975B5}"
EndProject
Project("{9A19103F-16F7-4668-BE54-9A1E7A4F7556}") = "SampleWebApi", "sample_webapi\SampleWebApi.csproj", "{A356264F-58FF-43A3-9F05-443D65C37B8A}"
EndProject
Project("{2150E333-8FDC-42A3-9474-1A3956D46DE8}") = "NetFramework", "NetFramework", "{1F14C5D1-BCDE-4FC2-87BB-5461C7F0F538}"
EndProject
Project("{FAE04EC0-301F-11D3-BF4B-00C04F79EFBC}") = "NFXSampleWebMVC", "NFXSampleWebMVC\NFXSampleWebMVC.csproj", "{577FCFE6-A265-4FED-90F8-76CA9E42CF5B}"
EndProject
Global
	GlobalSection(SolutionConfigurationPlatforms) = preSolution
		Debug|Any CPU = Debug|Any CPU
		Release|Any CPU = Release|Any CPU
	EndGlobalSection
	GlobalSection(ProjectConfigurationPlatforms) = postSolution
		{91011461-4B95-40CC-B66E-018A98F975B5}.Debug|Any CPU.ActiveCfg = Debug|Any CPU
		{91011461-4B95-40CC-B66E-018A98F975B5}.Debug|Any CPU.Build.0 = Debug|Any CPU
		{91011461-4B95-40CC-B66E-018A98F975B5}.Release|Any CPU.ActiveCfg = Release|Any CPU
		{91011461-4B95-40CC-B66E-018A98F975B5}.Release|Any CPU.Build.0 = Release|Any CPU
		{A356264F-58FF-43A3-9F05-443D65C37B8A}.Debug|Any CPU.ActiveCfg = Debug|Any CPU
		{A356264F-58FF-43A3-9F05-443D65C37B8A}.Debug|Any CPU.Build.0 = Debug|Any CPU
		{A356264F-58FF-43A3-9F05-443D65C37B8A}.Release|Any CPU.ActiveCfg = Release|Any CPU
		{A356264F-58FF-43A3-9F05-443D65C37B8A}.Release|Any CPU.Build.0 = Release|Any CPU
		{577FCFE6-A265-4FED-90F8-76CA9E42CF5B}.Debug|Any CPU.ActiveCfg = Debug|Any CPU
		{577FCFE6-A265-4FED-90F8-76CA9E42CF5B}.Debug|Any CPU.Build.0 = Debug|Any CPU
		{577FCFE6-A265-4FED-90F8-76CA9E42CF5B}.Release|Any CPU.ActiveCfg = Release|Any CPU
		{577FCFE6-A265-4FED-90F8-76CA9E42CF5B}.Release|Any CPU.Build.0 = Release|Any CPU
	EndGlobalSection
	GlobalSection(SolutionProperties) = preSolution
		HideSolutionNode = FALSE
	EndGlobalSection
	GlobalSection(NestedProjects) = preSolution
		{577FCFE6-A265-4FED-90F8-76CA9E42CF5B} = {1F14C5D1-BCDE-4FC2-87BB-5461C7F0F538}
	EndGlobalSection
	GlobalSection(ExtensibilityGlobals) = postSolution
		SolutionGuid = {9B085336-C25F-4F4B-87A5-6738098CFD37}
	EndGlobalSection
EndGlobal
